
Microsoft Visual Studio Solution File, Format Version 12.00
# Visual Studio 14
VisualStudioVersion = 14.0.25420.1
MinimumVisualStudioVersion = 10.0.40219.1
Project("{FAE04EC0-301F-11D3-BF4B-00C04F79EFBC}") = "MySpectrum.Android", "MySpectrum\MySpectrum.Android\MySpectrum.Android.csproj", "{34B1EF5D-2C52-4BD4-A8E2-4522DD07D55E}"
EndProject
Project("{FAE04EC0-301F-11D3-BF4B-00C04F79EFBC}") = "MySpectrum.iOS", "MySpectrum\MySpectrum.iOS\MySpectrum.iOS.csproj", "{84F8547E-A26D-4B17-9AC9-C589EE0AA9EB}"
EndProject
Project("{FAE04EC0-301F-11D3-BF4B-00C04F79EFBC}") = "MySpectrum", "MySpectrum\MySpectrum\MySpectrum.csproj", "{6D36E7C9-0003-4312-8EDA-2B6BEFD4DD44}"
EndProject
Global
	GlobalSection(SolutionConfigurationPlatforms) = preSolution
		Debug|Any CPU = Debug|Any CPU
		Debug|iPhone = Debug|iPhone
		Debug|iPhoneSimulator = Debug|iPhoneSimulator
		Release|Any CPU = Release|Any CPU
		Release|iPhone = Release|iPhone
		Release|iPhoneSimulator = Release|iPhoneSimulator
	EndGlobalSection
	GlobalSection(ProjectConfigurationPlatforms) = postSolution
		{34B1EF5D-2C52-4BD4-A8E2-4522DD07D55E}.Debug|Any CPU.ActiveCfg = Debug|Any CPU
		{34B1EF5D-2C52-4BD4-A8E2-4522DD07D55E}.Debug|Any CPU.Build.0 = Debug|Any CPU
		{34B1EF5D-2C52-4BD4-A8E2-4522DD07D55E}.Debug|Any CPU.Deploy.0 = Debug|Any CPU
		{34B1EF5D-2C52-4BD4-A8E2-4522DD07D55E}.Debug|iPhone.ActiveCfg = Debug|Any CPU
		{34B1EF5D-2C52-4BD4-A8E2-4522DD07D55E}.Debug|iPhone.Build.0 = Debug|Any CPU
		{34B1EF5D-2C52-4BD4-A8E2-4522DD07D55E}.Debug|iPhone.Deploy.0 = Debug|Any CPU
		{34B1EF5D-2C52-4BD4-A8E2-4522DD07D55E}.Debug|iPhoneSimulator.ActiveCfg = Debug|Any CPU
		{34B1EF5D-2C52-4BD4-A8E2-4522DD07D55E}.Debug|iPhoneSimulator.Build.0 = Debug|Any CPU
		{34B1EF5D-2C52-4BD4-A8E2-4522DD07D55E}.Debug|iPhoneSimulator.Deploy.0 = Debug|Any CPU
		{34B1EF5D-2C52-4BD4-A8E2-4522DD07D55E}.Release|Any CPU.ActiveCfg = Release|Any CPU
		{34B1EF5D-2C52-4BD4-A8E2-4522DD07D55E}.Release|Any CPU.Build.0 = Release|Any CPU
		{34B1EF5D-2C52-4BD4-A8E2-4522DD07D55E}.Release|Any CPU.Deploy.0 = Release|Any CPU
		{34B1EF5D-2C52-4BD4-A8E2-4522DD07D55E}.Release|iPhone.ActiveCfg = Release|Any CPU
		{34B1EF5D-2C52-4BD4-A8E2-4522DD07D55E}.Release|iPhone.Build.0 = Release|Any CPU
		{34B1EF5D-2C52-4BD4-A8E2-4522DD07D55E}.Release|iPhone.Deploy.0 = Release|Any CPU
		{34B1EF5D-2C52-4BD4-A8E2-4522DD07D55E}.Release|iPhoneSimulator.ActiveCfg = Release|Any CPU
		{34B1EF5D-2C52-4BD4-A8E2-4522DD07D55E}.Release|iPhoneSimulator.Build.0 = Release|Any CPU
		{34B1EF5D-2C52-4BD4-A8E2-4522DD07D55E}.Release|iPhoneSimulator.Deploy.0 = Release|Any CPU
		{84F8547E-A26D-4B17-9AC9-C589EE0AA9EB}.Debug|Any CPU.ActiveCfg = Debug|iPhone
		{84F8547E-A26D-4B17-9AC9-C589EE0AA9EB}.Debug|iPhone.ActiveCfg = Debug|iPhone
		{84F8547E-A26D-4B17-9AC9-C589EE0AA9EB}.Debug|iPhone.Build.0 = Debug|iPhone
		{84F8547E-A26D-4B17-9AC9-C589EE0AA9EB}.Debug|iPhoneSimulator.ActiveCfg = Debug|iPhoneSimulator
		{84F8547E-A26D-4B17-9AC9-C589EE0AA9EB}.Debug|iPhoneSimulator.Build.0 = Debug|iPhoneSimulator
		{84F8547E-A26D-4B17-9AC9-C589EE0AA9EB}.Release|Any CPU.ActiveCfg = Release|iPhone
		{84F8547E-A26D-4B17-9AC9-C589EE0AA9EB}.Release|iPhone.ActiveCfg = Release|iPhone
		{84F8547E-A26D-4B17-9AC9-C589EE0AA9EB}.Release|iPhone.Build.0 = Release|iPhone
		{84F8547E-A26D-4B17-9AC9-C589EE0AA9EB}.Release|iPhoneSimulator.ActiveCfg = Release|iPhoneSimulator
		{84F8547E-A26D-4B17-9AC9-C589EE0AA9EB}.Release|iPhoneSimulator.Build.0 = Release|iPhoneSimulator
		{6D36E7C9-0003-4312-8EDA-2B6BEFD4DD44}.Debug|Any CPU.ActiveCfg = Debug|Any CPU
		{6D36E7C9-0003-4312-8EDA-2B6BEFD4DD44}.Debug|Any CPU.Build.0 = Debug|Any CPU
		{6D36E7C9-0003-4312-8EDA-2B6BEFD4DD44}.Debug|iPhone.ActiveCfg = Debug|Any CPU
		{6D36E7C9-0003-4312-8EDA-2B6BEFD4DD44}.Debug|iPhone.Build.0 = Debug|Any CPU
		{6D36E7C9-0003-4312-8EDA-2B6BEFD4DD44}.Debug|iPhoneSimulator.ActiveCfg = Debug|Any CPU
		{6D36E7C9-0003-4312-8EDA-2B6BEFD4DD44}.Debug|iPhoneSimulator.Build.0 = Debug|Any CPU
		{6D36E7C9-0003-4312-8EDA-2B6BEFD4DD44}.Release|Any CPU.ActiveCfg = Release|Any CPU
		{6D36E7C9-0003-4312-8EDA-2B6BEFD4DD44}.Release|Any CPU.Build.0 = Release|Any CPU
		{6D36E7C9-0003-4312-8EDA-2B6BEFD4DD44}.Release|iPhone.ActiveCfg = Release|Any CPU
		{6D36E7C9-0003-4312-8EDA-2B6BEFD4DD44}.Release|iPhone.Build.0 = Release|Any CPU
		{6D36E7C9-0003-4312-8EDA-2B6BEFD4DD44}.Release|iPhoneSimulator.ActiveCfg = Release|Any CPU
		{6D36E7C9-0003-4312-8EDA-2B6BEFD4DD44}.Release|iPhoneSimulator.Build.0 = Release|Any CPU
	EndGlobalSection
	GlobalSection(SolutionProperties) = preSolution
		HideSolutionNode = FALSE
	EndGlobalSection
EndGlobal
